
Microsoft Visual Studio Solution File, Format Version 12.00
# Visual Studio Version 16
VisualStudioVersion = 16.0.32602.291
MinimumVisualStudioVersion = 10.0.40219.1
Project("{2150E333-8FDC-42A3-9474-1A3956D46DE8}") = "C_Lang", "C_Lang", "{F7C0EF28-2ADD-4925-BC58-10FA65D9C414}"
EndProject
Project("{2150E333-8FDC-42A3-9474-1A3956D46DE8}") = "CPlusPlus", "CPlusPlus", "{49CF2B09-A85D-436E-BD7A-13EAB62710EE}"
EndProject
Project("{8BC9CEB8-8B4A-11D0-8D11-00A0C91BC942}") = "ListProgram", "ListProgram\ListProgram.vcxproj", "{3FAEDE13-D751-4826-A1A7-A33C07A96F2B}"
EndProject
Project("{8BC9CEB8-8B4A-11D0-8D11-00A0C91BC942}") = "stackque", "stackque\stackque.vcxproj", "{DC055DC6-6932-4029-9321-2E9A1BC452BF}"
EndProject
Project("{8BC9CEB8-8B4A-11D0-8D11-00A0C91BC942}") = "exer", "exer\exer.vcxproj", "{45DBD584-9C21-4BFB-A546-130D8EB9129B}"
EndProject
Global
	GlobalSection(SolutionConfigurationPlatforms) = preSolution
		Debug|x64 = Debug|x64
		Debug|x86 = Debug|x86
		Release|x64 = Release|x64
		Release|x86 = Release|x86
	EndGlobalSection
	GlobalSection(ProjectConfigurationPlatforms) = postSolution
		{3FAEDE13-D751-4826-A1A7-A33C07A96F2B}.Debug|x64.ActiveCfg = Debug|x64
		{3FAEDE13-D751-4826-A1A7-A33C07A96F2B}.Debug|x64.Build.0 = Debug|x64
		{3FAEDE13-D751-4826-A1A7-A33C07A96F2B}.Debug|x86.ActiveCfg = Debug|Win32
		{3FAEDE13-D751-4826-A1A7-A33C07A96F2B}.Debug|x86.Build.0 = Debug|Win32
		{3FAEDE13-D751-4826-A1A7-A33C07A96F2B}.Release|x64.ActiveCfg = Release|x64
		{3FAEDE13-D751-4826-A1A7-A33C07A96F2B}.Release|x64.Build.0 = Release|x64
		{3FAEDE13-D751-4826-A1A7-A33C07A96F2B}.Release|x86.ActiveCfg = Release|Win32
		{3FAEDE13-D751-4826-A1A7-A33C07A96F2B}.Release|x86.Build.0 = Release|Win32
		{DC055DC6-6932-4029-9321-2E9A1BC452BF}.Debug|x64.ActiveCfg = Debug|x64
		{DC055DC6-6932-4029-9321-2E9A1BC452BF}.Debug|x64.Build.0 = Debug|x64
		{DC055DC6-6932-4029-9321-2E9A1BC452BF}.Debug|x86.ActiveCfg = Debug|Win32
		{DC055DC6-6932-4029-9321-2E9A1BC452BF}.Debug|x86.Build.0 = Debug|Win32
		{DC055DC6-6932-4029-9321-2E9A1BC452BF}.Release|x64.ActiveCfg = Release|x64
		{DC055DC6-6932-4029-9321-2E9A1BC452BF}.Release|x64.Build.0 = Release|x64
		{DC055DC6-6932-4029-9321-2E9A1BC452BF}.Release|x86.ActiveCfg = Release|Win32
		{DC055DC6-6932-4029-9321-2E9A1BC452BF}.Release|x86.Build.0 = Release|Win32
		{45DBD584-9C21-4BFB-A546-130D8EB9129B}.Debug|x64.ActiveCfg = Debug|x64
		{45DBD584-9C21-4BFB-A546-130D8EB9129B}.Debug|x64.Build.0 = Debug|x64
		{45DBD584-9C21-4BFB-A546-130D8EB9129B}.Debug|x86.ActiveCfg = Debug|Win32
		{45DBD584-9C21-4BFB-A546-130D8EB9129B}.Debug|x86.Build.0 = Debug|Win32
		{45DBD584-9C21-4BFB-A546-130D8EB9129B}.Release|x64.ActiveCfg = Release|x64
		{45DBD584-9C21-4BFB-A546-130D8EB9129B}.Release|x64.Build.0 = Release|x64
		{45DBD584-9C21-4BFB-A546-130D8EB9129B}.Release|x86.ActiveCfg = Release|Win32
		{45DBD584-9C21-4BFB-A546-130D8EB9129B}.Release|x86.Build.0 = Release|Win32
	EndGlobalSection
	GlobalSection(SolutionProperties) = preSolution
		HideSolutionNode = FALSE
	EndGlobalSection
	GlobalSection(ExtensibilityGlobals) = postSolution
		SolutionGuid = {3FAA9887-D512-43F0-9A4E-E5AA9CF942A6}
	EndGlobalSection
EndGlobal
